
Microsoft Visual Studio Solution File, Format Version 12.00
# Visual Studio 14
VisualStudioVersion = 14.0.23107.0
MinimumVisualStudioVersion = 10.0.40219.1
Project("{8BC9CEB8-8B4A-11D0-8D11-00A0C91BC942}") = "belasolv", "belasolv\belasolv.vcxproj", "{2EB29365-CF54-4FA6-9CF8-B63859E33B9F}"
EndProject
Project("{8BC9CEB8-8B4A-11D0-8D11-00A0C91BC942}") = "csolv", "csolv\CSOLV.vcxproj", "{9E9F5C60-452F-4C2D-AC36-1406D0164979}"
EndProject
Project("{8BC9CEB8-8B4A-11D0-8D11-00A0C91BC942}") = "fkn", "fkn\fkn.vcxproj", "{514B8CC9-5D7C-4537-AD14-C008BB88C27F}"
EndProject
Project("{8BC9CEB8-8B4A-11D0-8D11-00A0C91BC942}") = "hsolv", "hsolv\HSOLV.vcxproj", "{A437ECF7-1D32-4D83-9A2B-F2152712F9DC}"
EndProject
Project("{8BC9CEB8-8B4A-11D0-8D11-00A0C91BC942}") = "liblua", "liblua\liblua.vcxproj", "{1D7D14A0-1B59-4D05-9B18-A9A18CDD6E14}"
EndProject
Project("{8BC9CEB8-8B4A-11D0-8D11-00A0C91BC942}") = "manual", "manual\manual.vcxproj", "{06967E00-797D-40C7-800E-6D261AF7A7AD}"
EndProject
Project("{8BC9CEB8-8B4A-11D0-8D11-00A0C91BC942}") = "scilink", "scifemm\scilink.vcxproj", "{C86AA96F-8A05-48D6-9AD1-332941B8329E}"
EndProject
Project("{8BC9CEB8-8B4A-11D0-8D11-00A0C91BC942}") = "wintriangle", "wintriangle\wintriangle.vcxproj", "{7EF32CEB-6849-4D42-A6FD-C5360B60CF77}"
EndProject
Project("{8BC9CEB8-8B4A-11D0-8D11-00A0C91BC942}") = "ResizableLib", "ResizableLib\ResizableLib.vcxproj", "{6C165729-EC2B-4804-9A8E-40297ABD77B2}"
EndProject
Project("{8BC9CEB8-8B4A-11D0-8D11-00A0C91BC942}") = "femmplot", "femmplot\femmplot.vcxproj", "{71F68739-271C-4CB1-877E-D60C77CD1318}"
EndProject
Project("{8BC9CEB8-8B4A-11D0-8D11-00A0C91BC942}") = "femm", "femm\femm.vcxproj", "{123BD622-918C-496A-9D63-532CCFAE62F7}"
	ProjectSection(ProjectDependencies) = postProject
		{6C165729-EC2B-4804-9A8E-40297ABD77B2} = {6C165729-EC2B-4804-9A8E-40297ABD77B2}
		{1D7D14A0-1B59-4D05-9B18-A9A18CDD6E14} = {1D7D14A0-1B59-4D05-9B18-A9A18CDD6E14}
	EndProjectSection
EndProject
Global
	GlobalSection(SolutionConfigurationPlatforms) = preSolution
		Debug with Mathematica|x64 = Debug with Mathematica|x64
		Debug with Mathematica|x86 = Debug with Mathematica|x86
		Debug|x64 = Debug|x64
		Debug|x86 = Debug|x86
		Release with Mathematica|x64 = Release with Mathematica|x64
		Release with Mathematica|x86 = Release with Mathematica|x86
		Release|x64 = Release|x64
		Release|x86 = Release|x86
	EndGlobalSection
	GlobalSection(ProjectConfigurationPlatforms) = postSolution
		{2EB29365-CF54-4FA6-9CF8-B63859E33B9F}.Debug with Mathematica|x64.ActiveCfg = Debug|Win32
		{2EB29365-CF54-4FA6-9CF8-B63859E33B9F}.Debug with Mathematica|x64.Build.0 = Debug|Win32
		{2EB29365-CF54-4FA6-9CF8-B63859E33B9F}.Debug with Mathematica|x86.ActiveCfg = Debug|Win32
		{2EB29365-CF54-4FA6-9CF8-B63859E33B9F}.Debug with Mathematica|x86.Build.0 = Debug|Win32
		{2EB29365-CF54-4FA6-9CF8-B63859E33B9F}.Debug|x64.ActiveCfg = Debug|x64
		{2EB29365-CF54-4FA6-9CF8-B63859E33B9F}.Debug|x64.Build.0 = Debug|x64
		{2EB29365-CF54-4FA6-9CF8-B63859E33B9F}.Debug|x86.ActiveCfg = Debug|Win32
		{2EB29365-CF54-4FA6-9CF8-B63859E33B9F}.Debug|x86.Build.0 = Debug|Win32
		{2EB29365-CF54-4FA6-9CF8-B63859E33B9F}.Release with Mathematica|x64.ActiveCfg = Release|x64
		{2EB29365-CF54-4FA6-9CF8-B63859E33B9F}.Release with Mathematica|x64.Build.0 = Release|x64
		{2EB29365-CF54-4FA6-9CF8-B63859E33B9F}.Release with Mathematica|x86.ActiveCfg = Release|Win32
		{2EB29365-CF54-4FA6-9CF8-B63859E33B9F}.Release with Mathematica|x86.Build.0 = Release|Win32
		{2EB29365-CF54-4FA6-9CF8-B63859E33B9F}.Release|x64.ActiveCfg = Release|x64
		{2EB29365-CF54-4FA6-9CF8-B63859E33B9F}.Release|x64.Build.0 = Release|x64
		{2EB29365-CF54-4FA6-9CF8-B63859E33B9F}.Release|x86.ActiveCfg = Release|Win32
		{2EB29365-CF54-4FA6-9CF8-B63859E33B9F}.Release|x86.Build.0 = Release|Win32
		{9E9F5C60-452F-4C2D-AC36-1406D0164979}.Debug with Mathematica|x64.ActiveCfg = Debug|Win32
		{9E9F5C60-452F-4C2D-AC36-1406D0164979}.Debug with Mathematica|x64.Build.0 = Debug|Win32
		{9E9F5C60-452F-4C2D-AC36-1406D0164979}.Debug with Mathematica|x86.ActiveCfg = Debug|Win32
		{9E9F5C60-452F-4C2D-AC36-1406D0164979}.Debug with Mathematica|x86.Build.0 = Debug|Win32
		{9E9F5C60-452F-4C2D-AC36-1406D0164979}.Debug|x64.ActiveCfg = Debug|x64
		{9E9F5C60-452F-4C2D-AC36-1406D0164979}.Debug|x64.Build.0 = Debug|x64
		{9E9F5C60-452F-4C2D-AC36-1406D0164979}.Debug|x86.ActiveCfg = Debug|Win32
		{9E9F5C60-452F-4C2D-AC36-1406D0164979}.Debug|x86.Build.0 = Debug|Win32
		{9E9F5C60-452F-4C2D-AC36-1406D0164979}.Release with Mathematica|x64.ActiveCfg = Release|x64
		{9E9F5C60-452F-4C2D-AC36-1406D0164979}.Release with Mathematica|x64.Build.0 = Release|x64
		{9E9F5C60-452F-4C2D-AC36-1406D0164979}.Release with Mathematica|x86.ActiveCfg = Release|Win32
		{9E9F5C60-452F-4C2D-AC36-1406D0164979}.Release with Mathematica|x86.Build.0 = Release|Win32
		{9E9F5C60-452F-4C2D-AC36-1406D0164979}.Release|x64.ActiveCfg = Release|x64
		{9E9F5C60-452F-4C2D-AC36-1406D0164979}.Release|x64.Build.0 = Release|x64
		{9E9F5C60-452F-4C2D-AC36-1406D0164979}.Release|x86.ActiveCfg = Release|Win32
		{9E9F5C60-452F-4C2D-AC36-1406D0164979}.Release|x86.Build.0 = Release|Win32
		{514B8CC9-5D7C-4537-AD14-C008BB88C27F}.Debug with Mathematica|x64.ActiveCfg = Debug|x64
		{514B8CC9-5D7C-4537-AD14-C008BB88C27F}.Debug with Mathematica|x64.Build.0 = Debug|x64
		{514B8CC9-5D7C-4537-AD14-C008BB88C27F}.Debug with Mathematica|x86.ActiveCfg = Debug|Win32
		{514B8CC9-5D7C-4537-AD14-C008BB88C27F}.Debug with Mathematica|x86.Build.0 = Debug|Win32
		{514B8CC9-5D7C-4537-AD14-C008BB88C27F}.Debug|x64.ActiveCfg = Debug|x64
		{514B8CC9-5D7C-4537-AD14-C008BB88C27F}.Debug|x64.Build.0 = Debug|x64
		{514B8CC9-5D7C-4537-AD14-C008BB88C27F}.Debug|x86.ActiveCfg = Debug|Win32
		{514B8CC9-5D7C-4537-AD14-C008BB88C27F}.Debug|x86.Build.0 = Debug|Win32
		{514B8CC9-5D7C-4537-AD14-C008BB88C27F}.Release with Mathematica|x64.ActiveCfg = Release|x64
		{514B8CC9-5D7C-4537-AD14-C008BB88C27F}.Release with Mathematica|x64.Build.0 = Release|x64
		{514B8CC9-5D7C-4537-AD14-C008BB88C27F}.Release with Mathematica|x86.ActiveCfg = Release|Win32
		{514B8CC9-5D7C-4537-AD14-C008BB88C27F}.Release with Mathematica|x86.Build.0 = Release|Win32
		{514B8CC9-5D7C-4537-AD14-C008BB88C27F}.Release|x64.ActiveCfg = Release|x64
		{514B8CC9-5D7C-4537-AD14-C008BB88C27F}.Release|x64.Build.0 = Release|x64
		{514B8CC9-5D7C-4537-AD14-C008BB88C27F}.Release|x86.ActiveCfg = Release|Win32
		{514B8CC9-5D7C-4537-AD14-C008BB88C27F}.Release|x86.Build.0 = Release|Win32
		{A437ECF7-1D32-4D83-9A2B-F2152712F9DC}.Debug with Mathematica|x64.ActiveCfg = Debug|Win32
		{A437ECF7-1D32-4D83-9A2B-F2152712F9DC}.Debug with Mathematica|x64.Build.0 = Debug|Win32
		{A437ECF7-1D32-4D83-9A2B-F2152712F9DC}.Debug with Mathematica|x86.ActiveCfg = Debug|Win32
		{A437ECF7-1D32-4D83-9A2B-F2152712F9DC}.Debug with Mathematica|x86.Build.0 = Debug|Win32
		{A437ECF7-1D32-4D83-9A2B-F2152712F9DC}.Debug|x64.ActiveCfg = Debug|x64
		{A437ECF7-1D32-4D83-9A2B-F2152712F9DC}.Debug|x64.Build.0 = Debug|x64
		{A437ECF7-1D32-4D83-9A2B-F2152712F9DC}.Debug|x86.ActiveCfg = Debug|Win32
		{A437ECF7-1D32-4D83-9A2B-F2152712F9DC}.Debug|x86.Build.0 = Debug|Win32
		{A437ECF7-1D32-4D83-9A2B-F2152712F9DC}.Release with Mathematica|x64.ActiveCfg = Release|x64
		{A437ECF7-1D32-4D83-9A2B-F2152712F9DC}.Release with Mathematica|x64.Build.0 = Release|x64
		{A437ECF7-1D32-4D83-9A2B-F2152712F9DC}.Release with Mathematica|x86.ActiveCfg = Release|Win32
		{A437ECF7-1D32-4D83-9A2B-F2152712F9DC}.Release with Mathematica|x86.Build.0 = Release|Win32
		{A437ECF7-1D32-4D83-9A2B-F2152712F9DC}.Release|x64.ActiveCfg = Release|x64
		{A437ECF7-1D32-4D83-9A2B-F2152712F9DC}.Release|x64.Build.0 = Release|x64
		{A437ECF7-1D32-4D83-9A2B-F2152712F9DC}.Release|x86.ActiveCfg = Release|Win32
		{A437ECF7-1D32-4D83-9A2B-F2152712F9DC}.Release|x86.Build.0 = Release|Win32
		{1D7D14A0-1B59-4D05-9B18-A9A18CDD6E14}.Debug with Mathematica|x64.ActiveCfg = Debug|x64
		{1D7D14A0-1B59-4D05-9B18-A9A18CDD6E14}.Debug with Mathematica|x64.Build.0 = Debug|x64
		{1D7D14A0-1B59-4D05-9B18-A9A18CDD6E14}.Debug with Mathematica|x86.ActiveCfg = Debug|Win32
		{1D7D14A0-1B59-4D05-9B18-A9A18CDD6E14}.Debug with Mathematica|x86.Build.0 = Debug|Win32
		{1D7D14A0-1B59-4D05-9B18-A9A18CDD6E14}.Debug|x64.ActiveCfg = Debug|x64
		{1D7D14A0-1B59-4D05-9B18-A9A18CDD6E14}.Debug|x64.Build.0 = Debug|x64
		{1D7D14A0-1B59-4D05-9B18-A9A18CDD6E14}.Debug|x86.ActiveCfg = Debug|Win32
		{1D7D14A0-1B59-4D05-9B18-A9A18CDD6E14}.Debug|x86.Build.0 = Debug|Win32
		{1D7D14A0-1B59-4D05-9B18-A9A18CDD6E14}.Release with Mathematica|x64.ActiveCfg = Release|x64
		{1D7D14A0-1B59-4D05-9B18-A9A18CDD6E14}.Release with Mathematica|x64.Build.0 = Release|x64
		{1D7D14A0-1B59-4D05-9B18-A9A18CDD6E14}.Release with Mathematica|x86.ActiveCfg = Release|Win32
		{1D7D14A0-1B59-4D05-9B18-A9A18CDD6E14}.Release with Mathematica|x86.Build.0 = Release|Win32
		{1D7D14A0-1B59-4D05-9B18-A9A18CDD6E14}.Release|x64.ActiveCfg = Release|x64
		{1D7D14A0-1B59-4D05-9B18-A9A18CDD6E14}.Release|x64.Build.0 = Release|x64
		{1D7D14A0-1B59-4D05-9B18-A9A18CDD6E14}.Release|x86.ActiveCfg = Release|Win32
		{1D7D14A0-1B59-4D05-9B18-A9A18CDD6E14}.Release|x86.Build.0 = Release|Win32
		{06967E00-797D-40C7-800E-6D261AF7A7AD}.Debug with Mathematica|x64.ActiveCfg = Release|Win32
		{06967E00-797D-40C7-800E-6D261AF7A7AD}.Debug with Mathematica|x64.Build.0 = Release|Win32
		{06967E00-797D-40C7-800E-6D261AF7A7AD}.Debug with Mathematica|x86.ActiveCfg = Release|Win32
		{06967E00-797D-40C7-800E-6D261AF7A7AD}.Debug with Mathematica|x86.Build.0 = Release|Win32
		{06967E00-797D-40C7-800E-6D261AF7A7AD}.Debug|x64.ActiveCfg = Release|Win32
		{06967E00-797D-40C7-800E-6D261AF7A7AD}.Debug|x64.Build.0 = Release|Win32
		{06967E00-797D-40C7-800E-6D261AF7A7AD}.Debug|x86.ActiveCfg = Release|Win32
		{06967E00-797D-40C7-800E-6D261AF7A7AD}.Debug|x86.Build.0 = Release|Win32
		{06967E00-797D-40C7-800E-6D261AF7A7AD}.Release with Mathematica|x64.ActiveCfg = Release|Win32
		{06967E00-797D-40C7-800E-6D261AF7A7AD}.Release with Mathematica|x64.Build.0 = Release|Win32
		{06967E00-797D-40C7-800E-6D261AF7A7AD}.Release with Mathematica|x86.ActiveCfg = Release|Win32
		{06967E00-797D-40C7-800E-6D261AF7A7AD}.Release with Mathematica|x86.Build.0 = Release|Win32
		{06967E00-797D-40C7-800E-6D261AF7A7AD}.Release|x64.ActiveCfg = Release|Win32
		{06967E00-797D-40C7-800E-6D261AF7A7AD}.Release|x86.ActiveCfg = Release|Win32
		{06967E00-797D-40C7-800E-6D261AF7A7AD}.Release|x86.Build.0 = Release|Win32
		{C86AA96F-8A05-48D6-9AD1-332941B8329E}.Debug with Mathematica|x64.ActiveCfg = Debug|x64
		{C86AA96F-8A05-48D6-9AD1-332941B8329E}.Debug with Mathematica|x64.Build.0 = Debug|x64
		{C86AA96F-8A05-48D6-9AD1-332941B8329E}.Debug with Mathematica|x86.ActiveCfg = Debug|Win32
		{C86AA96F-8A05-48D6-9AD1-332941B8329E}.Debug with Mathematica|x86.Build.0 = Debug|Win32
		{C86AA96F-8A05-48D6-9AD1-332941B8329E}.Debug|x64.ActiveCfg = Debug|x64
		{C86AA96F-8A05-48D6-9AD1-332941B8329E}.Debug|x64.Build.0 = Debug|x64
		{C86AA96F-8A05-48D6-9AD1-332941B8329E}.Debug|x86.ActiveCfg = Debug|Win32
		{C86AA96F-8A05-48D6-9AD1-332941B8329E}.Debug|x86.Build.0 = Debug|Win32
		{C86AA96F-8A05-48D6-9AD1-332941B8329E}.Release with Mathematica|x64.ActiveCfg = Release|x64
		{C86AA96F-8A05-48D6-9AD1-332941B8329E}.Release with Mathematica|x64.Build.0 = Release|x64
		{C86AA96F-8A05-48D6-9AD1-332941B8329E}.Release with Mathematica|x86.ActiveCfg = Release|Win32
		{C86AA96F-8A05-48D6-9AD1-332941B8329E}.Release with Mathematica|x86.Build.0 = Release|Win32
		{C86AA96F-8A05-48D6-9AD1-332941B8329E}.Release|x64.ActiveCfg = Release|x64
		{C86AA96F-8A05-48D6-9AD1-332941B8329E}.Release|x64.Build.0 = Release|x64
		{C86AA96F-8A05-48D6-9AD1-332941B8329E}.Release|x86.ActiveCfg = Release|Win32
		{C86AA96F-8A05-48D6-9AD1-332941B8329E}.Release|x86.Build.0 = Release|Win32
		{7EF32CEB-6849-4D42-A6FD-C5360B60CF77}.Debug with Mathematica|x64.ActiveCfg = Debug|Win32
		{7EF32CEB-6849-4D42-A6FD-C5360B60CF77}.Debug with Mathematica|x64.Build.0 = Debug|Win32
		{7EF32CEB-6849-4D42-A6FD-C5360B60CF77}.Debug with Mathematica|x86.ActiveCfg = Debug|Win32
		{7EF32CEB-6849-4D42-A6FD-C5360B60CF77}.Debug with Mathematica|x86.Build.0 = Debug|Win32
		{7EF32CEB-6849-4D42-A6FD-C5360B60CF77}.Debug|x64.ActiveCfg = Debug|x64
		{7EF32CEB-6849-4D42-A6FD-C5360B60CF77}.Debug|x64.Build.0 = Debug|x64
		{7EF32CEB-6849-4D42-A6FD-C5360B60CF77}.Debug|x86.ActiveCfg = Debug|Win32
		{7EF32CEB-6849-4D42-A6FD-C5360B60CF77}.Debug|x86.Build.0 = Debug|Win32
		{7EF32CEB-6849-4D42-A6FD-C5360B60CF77}.Release with Mathematica|x64.ActiveCfg = Release|x64
		{7EF32CEB-6849-4D42-A6FD-C5360B60CF77}.Release with Mathematica|x64.Build.0 = Release|x64
		{7EF32CEB-6849-4D42-A6FD-C5360B60CF77}.Release with Mathematica|x86.ActiveCfg = Release|Win32
		{7EF32CEB-6849-4D42-A6FD-C5360B60CF77}.Release with Mathematica|x86.Build.0 = Release|Win32
		{7EF32CEB-6849-4D42-A6FD-C5360B60CF77}.Release|x64.ActiveCfg = Release|x64
		{7EF32CEB-6849-4D42-A6FD-C5360B60CF77}.Release|x64.Build.0 = Release|x64
		{7EF32CEB-6849-4D42-A6FD-C5360B60CF77}.Release|x86.ActiveCfg = Release|Win32
		{7EF32CEB-6849-4D42-A6FD-C5360B60CF77}.Release|x86.Build.0 = Release|Win32
		{6C165729-EC2B-4804-9A8E-40297ABD77B2}.Debug with Mathematica|x64.ActiveCfg = Debug|Win32
		{6C165729-EC2B-4804-9A8E-40297ABD77B2}.Debug with Mathematica|x64.Build.0 = Debug|Win32
		{6C165729-EC2B-4804-9A8E-40297ABD77B2}.Debug with Mathematica|x86.ActiveCfg = Debug|Win32
		{6C165729-EC2B-4804-9A8E-40297ABD77B2}.Debug with Mathematica|x86.Build.0 = Debug|Win32
		{6C165729-EC2B-4804-9A8E-40297ABD77B2}.Debug|x64.ActiveCfg = Debug|x64
		{6C165729-EC2B-4804-9A8E-40297ABD77B2}.Debug|x64.Build.0 = Debug|x64
		{6C165729-EC2B-4804-9A8E-40297ABD77B2}.Debug|x86.ActiveCfg = Debug|Win32
		{6C165729-EC2B-4804-9A8E-40297ABD77B2}.Debug|x86.Build.0 = Debug|Win32
		{6C165729-EC2B-4804-9A8E-40297ABD77B2}.Release with Mathematica|x64.ActiveCfg = Release|x64
		{6C165729-EC2B-4804-9A8E-40297ABD77B2}.Release with Mathematica|x64.Build.0 = Release|x64
		{6C165729-EC2B-4804-9A8E-40297ABD77B2}.Release with Mathematica|x86.ActiveCfg = Release|Win32
		{6C165729-EC2B-4804-9A8E-40297ABD77B2}.Release with Mathematica|x86.Build.0 = Release|Win32
		{6C165729-EC2B-4804-9A8E-40297ABD77B2}.Release|x64.ActiveCfg = Release|x64
		{6C165729-EC2B-4804-9A8E-40297ABD77B2}.Release|x64.Build.0 = Release|x64
		{6C165729-EC2B-4804-9A8E-40297ABD77B2}.Release|x86.ActiveCfg = Release|Win32
		{6C165729-EC2B-4804-9A8E-40297ABD77B2}.Release|x86.Build.0 = Release|Win32
		{71F68739-271C-4CB1-877E-D60C77CD1318}.Debug with Mathematica|x64.ActiveCfg = Debug|Win32
		{71F68739-271C-4CB1-877E-D60C77CD1318}.Debug with Mathematica|x64.Build.0 = Debug|Win32
		{71F68739-271C-4CB1-877E-D60C77CD1318}.Debug with Mathematica|x86.ActiveCfg = Debug|Win32
		{71F68739-271C-4CB1-877E-D60C77CD1318}.Debug with Mathematica|x86.Build.0 = Debug|Win32
		{71F68739-271C-4CB1-877E-D60C77CD1318}.Debug|x64.ActiveCfg = Debug|x64
		{71F68739-271C-4CB1-877E-D60C77CD1318}.Debug|x64.Build.0 = Debug|x64
		{71F68739-271C-4CB1-877E-D60C77CD1318}.Debug|x86.ActiveCfg = Debug|Win32
		{71F68739-271C-4CB1-877E-D60C77CD1318}.Debug|x86.Build.0 = Debug|Win32
		{71F68739-271C-4CB1-877E-D60C77CD1318}.Release with Mathematica|x64.ActiveCfg = Release|x64
		{71F68739-271C-4CB1-877E-D60C77CD1318}.Release with Mathematica|x64.Build.0 = Release|x64
		{71F68739-271C-4CB1-877E-D60C77CD1318}.Release with Mathematica|x86.ActiveCfg = Release|Win32
		{71F68739-271C-4CB1-877E-D60C77CD1318}.Release with Mathematica|x86.Build.0 = Release|Win32
		{71F68739-271C-4CB1-877E-D60C77CD1318}.Release|x64.ActiveCfg = Release|x64
		{71F68739-271C-4CB1-877E-D60C77CD1318}.Release|x64.Build.0 = Release|x64
		{71F68739-271C-4CB1-877E-D60C77CD1318}.Release|x86.ActiveCfg = Release|Win32
		{71F68739-271C-4CB1-877E-D60C77CD1318}.Release|x86.Build.0 = Release|Win32
		{123BD622-918C-496A-9D63-532CCFAE62F7}.Debug with Mathematica|x64.ActiveCfg = Debug|Win32
		{123BD622-918C-496A-9D63-532CCFAE62F7}.Debug with Mathematica|x64.Build.0 = Debug|Win32
		{123BD622-918C-496A-9D63-532CCFAE62F7}.Debug with Mathematica|x86.ActiveCfg = Debug|Win32
		{123BD622-918C-496A-9D63-532CCFAE62F7}.Debug with Mathematica|x86.Build.0 = Debug|Win32
		{123BD622-918C-496A-9D63-532CCFAE62F7}.Debug|x64.ActiveCfg = Debug|x64
		{123BD622-918C-496A-9D63-532CCFAE62F7}.Debug|x64.Build.0 = Debug|x64
		{123BD622-918C-496A-9D63-532CCFAE62F7}.Debug|x86.ActiveCfg = Debug|Win32
		{123BD622-918C-496A-9D63-532CCFAE62F7}.Debug|x86.Build.0 = Debug|Win32
		{123BD622-918C-496A-9D63-532CCFAE62F7}.Release with Mathematica|x64.ActiveCfg = Release with Mathematica|x64
		{123BD622-918C-496A-9D63-532CCFAE62F7}.Release with Mathematica|x64.Build.0 = Release with Mathematica|x64
		{123BD622-918C-496A-9D63-532CCFAE62F7}.Release with Mathematica|x86.ActiveCfg = Release with Mathematica|Win32
		{123BD622-918C-496A-9D63-532CCFAE62F7}.Release with Mathematica|x86.Build.0 = Release with Mathematica|Win32
		{123BD622-918C-496A-9D63-532CCFAE62F7}.Release|x64.ActiveCfg = Release|x64
		{123BD622-918C-496A-9D63-532CCFAE62F7}.Release|x64.Build.0 = Release|x64
		{123BD622-918C-496A-9D63-532CCFAE62F7}.Release|x86.ActiveCfg = Release|Win32
		{123BD622-918C-496A-9D63-532CCFAE62F7}.Release|x86.Build.0 = Release|Win32
	EndGlobalSection
	GlobalSection(SolutionProperties) = preSolution
		HideSolutionNode = FALSE
	EndGlobalSection
EndGlobal
