<?xml version="1.0" encoding="utf-8"?>
<Project ToolsVersion="4.0" xmlns="http://schemas.microsoft.com/developer/msbuild/2003">
  <ItemGroup>
    <Filter Include="femme">
      <UniqueIdentifier>{439a1eec-5134-496e-85c3-e812149645d7}</UniqueIdentifier>
    </Filter>
    <Filter Include="femme\Femme Source">
      <UniqueIdentifier>{5ff38ab4-c283-466b-8c28-bf811ba0ef0d}</UniqueIdentifier>
    </Filter>
    <Filter Include="femme\Femme Header">
      <UniqueIdentifier>{71046247-5935-4f35-951c-09c52de6382b}</UniqueIdentifier>
    </Filter>
    <Filter Include="common">
      <UniqueIdentifier>{6941a235-5300-428f-8828-2f554d4c1733}</UniqueIdentifier>
    </Filter>
    <Filter Include="common\Common Source">
      <UniqueIdentifier>{73e6a387-4239-419f-892d-07f92fc67e41}</UniqueIdentifier>
    </Filter>
    <Filter Include="common\Common Header">
      <UniqueIdentifier>{a9f3b40b-52ef-462e-b8b7-3f39fa75994f}</UniqueIdentifier>
    </Filter>
    <Filter Include="femmview">
      <UniqueIdentifier>{d796397c-b59b-4f3b-8904-97cd9bfe6f7a}</UniqueIdentifier>
    </Filter>
    <Filter Include="femmview\Femmview Source">
      <UniqueIdentifier>{86ebf28f-6bd4-485b-bf29-8831a6d88ca7}</UniqueIdentifier>
    </Filter>
    <Filter Include="femmview\Femmview Header">
      <UniqueIdentifier>{25c8f853-0e9f-4997-a3f7-60e389b049d3}</UniqueIdentifier>
    </Filter>
    <Filter Include="MDI Shell">
      <UniqueIdentifier>{3891a8d9-d110-4a38-ab35-69efd0349eaf}</UniqueIdentifier>
    </Filter>
    <Filter Include="MDI Shell\Source Files">
      <UniqueIdentifier>{ad64e950-2c05-4759-9a4f-ec97d21740ad}</UniqueIdentifier>
      <Extensions>cpp;c;cxx;rc;def;r;odl;idl;hpj;bat</Extensions>
    </Filter>
    <Filter Include="MDI Shell\Header Files">
      <UniqueIdentifier>{fb263b0e-c826-4e77-96bd-6c4eb9b5e882}</UniqueIdentifier>
      <Extensions>h;hpp;hxx;hm;inl</Extensions>
    </Filter>
    <Filter Include="MDI Shell\Resource Files">
      <UniqueIdentifier>{9f6aff25-c6e6-4767-945f-4524f926d692}</UniqueIdentifier>
      <Extensions>ico;cur;bmp;dlg;rc2;rct;bin;rgs;gif;jpg;jpeg;jpe</Extensions>
    </Filter>
    <Filter Include="beladraw">
      <UniqueIdentifier>{4684fbe8-6b24-4e22-99ef-dd3fe730541c}</UniqueIdentifier>
    </Filter>
    <Filter Include="beladraw\beladraw source">
      <UniqueIdentifier>{c63aaa28-a869-4e8a-a75c-cbc999a7cfd8}</UniqueIdentifier>
      <Extensions>*.cpp</Extensions>
    </Filter>
    <Filter Include="beladraw\beladraw header">
      <UniqueIdentifier>{d3bc87e4-b669-4ae2-a7da-d8f7c90ed8fc}</UniqueIdentifier>
      <Extensions>*.h</Extensions>
    </Filter>
    <Filter Include="belaview">
      <UniqueIdentifier>{a7fe9705-34cf-47fa-a718-a9fe90a4cc30}</UniqueIdentifier>
    </Filter>
    <Filter Include="belaview\belaview source">
      <UniqueIdentifier>{0296eeae-acb1-431a-a772-2e45f94ae774}</UniqueIdentifier>
      <Extensions>cpp</Extensions>
    </Filter>
    <Filter Include="belaview\belaview header">
      <UniqueIdentifier>{b42c9d08-87a4-46c5-b358-b1e142c4717e}</UniqueIdentifier>
      <Extensions>h</Extensions>
    </Filter>
    <Filter Include="femmplot">
      <UniqueIdentifier>{5373ab9a-6617-48c3-8d89-a89320f7aff7}</UniqueIdentifier>
    </Filter>
    <Filter Include="femmplot\femmplot source">
      <UniqueIdentifier>{cb6b8a5e-2551-4a04-8ea5-97d5944e6d73}</UniqueIdentifier>
      <Extensions>*.cpp</Extensions>
    </Filter>
    <Filter Include="femmplot\femmplot header">
      <UniqueIdentifier>{06da777b-3d2d-409e-963d-9ab5843bfff9}</UniqueIdentifier>
      <Extensions>*.h</Extensions>
    </Filter>
    <Filter Include="hdraw">
      <UniqueIdentifier>{946b26a7-2f72-4863-9740-9e113493f657}</UniqueIdentifier>
    </Filter>
    <Filter Include="hdraw\hdraw source">
      <UniqueIdentifier>{46f5692e-90dd-47ee-9c87-e935a7866508}</UniqueIdentifier>
    </Filter>
    <Filter Include="hdraw\hdraw headers">
      <UniqueIdentifier>{0f00d776-9112-481b-a8f9-a276b6ab76e9}</UniqueIdentifier>
    </Filter>
    <Filter Include="hview">
      <UniqueIdentifier>{214a8034-0d8f-42b2-8c35-8bb6bb4d2366}</UniqueIdentifier>
    </Filter>
    <Filter Include="hview\hview source">
      <UniqueIdentifier>{eb15fe4f-dac4-447d-a616-050457d8f89f}</UniqueIdentifier>
    </Filter>
    <Filter Include="hview\hview headers">
      <UniqueIdentifier>{387788f2-b43e-4172-8e79-9846c67fd3e8}</UniqueIdentifier>
    </Filter>
    <Filter Include="cdraw">
      <UniqueIdentifier>{22a54c80-8b8b-43d6-9f04-0697ee167bd8}</UniqueIdentifier>
    </Filter>
    <Filter Include="cdraw\cdraw source">
      <UniqueIdentifier>{283eb18d-fe94-411c-8bd9-ea5928b76a5c}</UniqueIdentifier>
      <Extensions>*.cpp</Extensions>
    </Filter>
    <Filter Include="cdraw\cdraw headers">
      <UniqueIdentifier>{16bec30c-62ef-48aa-8bc7-4dd22316d94a}</UniqueIdentifier>
      <Extensions>*.h</Extensions>
    </Filter>
    <Filter Include="cview">
      <UniqueIdentifier>{d4cea633-63c3-4946-8706-f76ffd2a562c}</UniqueIdentifier>
    </Filter>
    <Filter Include="cview\cview source">
      <UniqueIdentifier>{715537cc-1f8c-439e-8f18-7e9c8b1f947e}</UniqueIdentifier>
      <Extensions>*.cpp</Extensions>
    </Filter>
    <Filter Include="cview\cview headers">
      <UniqueIdentifier>{f3585b2c-bdec-40c3-8867-29939be37d7f}</UniqueIdentifier>
      <Extensions>*.h</Extensions>
    </Filter>
  </ItemGroup>
  <ItemGroup>
    <ClCompile Include="BdryDlg.cpp">
      <Filter>femme\Femme Source</Filter>
    </ClCompile>
    <ClCompile Include="BHData.cpp">
      <Filter>femme\Femme Source</Filter>
    </ClCompile>
    <ClCompile Include="BHDatafile.cpp">
      <Filter>femme\Femme Source</Filter>
    </ClCompile>
    <ClCompile Include="CircProp.cpp">
      <Filter>femme\Femme Source</Filter>
    </ClCompile>
    <ClCompile Include="CopyDlg.cpp">
      <Filter>femme\Femme Source</Filter>
    </ClCompile>
    <ClCompile Include="DXFImport.cpp">
      <Filter>femme\Femme Source</Filter>
    </ClCompile>
    <ClCompile Include="fe_libdlg.cpp">
      <Filter>femme\Femme Source</Filter>
    </ClCompile>
    <ClCompile Include="FemmeDoc.cpp">
      <Filter>femme\Femme Source</Filter>
    </ClCompile>
    <ClCompile Include="femmeLua.cpp">
      <Filter>femme\Femme Source</Filter>
    </ClCompile>
    <ClCompile Include="FemmeView.cpp">
      <Filter>femme\Femme Source</Filter>
    </ClCompile>
    <ClCompile Include="GroupNumber.cpp">
      <Filter>femme\Femme Source</Filter>
    </ClCompile>
    <ClCompile Include="MatDlg.cpp">
      <Filter>femme\Femme Source</Filter>
    </ClCompile>
    <ClCompile Include="MirrorDlg.cpp">
      <Filter>femme\Femme Source</Filter>
    </ClCompile>
    <ClCompile Include="MOVECOPY.CPP">
      <Filter>femme\Femme Source</Filter>
    </ClCompile>
    <ClCompile Include="NodeProp.cpp">
      <Filter>femme\Femme Source</Filter>
    </ClCompile>
    <ClCompile Include="NOSEBL.CPP">
      <Filter>femme\Femme Source</Filter>
    </ClCompile>
    <ClCompile Include="OpArcSegDlg.cpp">
      <Filter>femme\Femme Source</Filter>
    </ClCompile>
    <ClCompile Include="OpBlkDlg.cpp">
      <Filter>femme\Femme Source</Filter>
    </ClCompile>
    <ClCompile Include="OpGrp.cpp">
      <Filter>femme\Femme Source</Filter>
    </ClCompile>
    <ClCompile Include="OpNodeDlg.cpp">
      <Filter>femme\Femme Source</Filter>
    </ClCompile>
    <ClCompile Include="OpSegDlg.cpp">
      <Filter>femme\Femme Source</Filter>
    </ClCompile>
    <ClCompile Include="Pref.cpp">
      <Filter>femme\Femme Source</Filter>
    </ClCompile>
    <ClCompile Include="probdlg.cpp">
      <Filter>femme\Femme Source</Filter>
    </ClCompile>
    <ClCompile Include="PtProp.cpp">
      <Filter>femme\Femme Source</Filter>
    </ClCompile>
    <ClCompile Include="ScaleDlg.cpp">
      <Filter>femme\Femme Source</Filter>
    </ClCompile>
    <ClCompile Include="writepoly.cpp">
      <Filter>femme\Femme Source</Filter>
    </ClCompile>
    <ClCompile Include="ArcDlg.cpp">
      <Filter>common\Common Source</Filter>
    </ClCompile>
    <ClCompile Include="bhplot.cpp">
      <Filter>common\Common Source</Filter>
    </ClCompile>
    <ClCompile Include="EnterPt.cpp">
      <Filter>common\Common Source</Filter>
    </ClCompile>
    <ClCompile Include="ExteriorProps.cpp">
      <Filter>common\Common Source</Filter>
    </ClCompile>
    <ClCompile Include="fullmatrix.cpp">
      <Filter>common\Common Source</Filter>
    </ClCompile>
    <ClCompile Include="GeneralPrefs.cpp">
      <Filter>common\Common Source</Filter>
    </ClCompile>
    <ClCompile Include="GRIDDLG.CPP">
      <Filter>common\Common Source</Filter>
    </ClCompile>
    <ClCompile Include="KbdZoom.cpp">
      <Filter>common\Common Source</Filter>
    </ClCompile>
    <ClCompile Include="LuaConsoleDlg.cpp">
      <Filter>common\Common Source</Filter>
    </ClCompile>
    <ClCompile Include="luaDDX.cpp">
      <Filter>common\Common Source</Filter>
    </ClCompile>
    <ClCompile Include="LuaEdit.cpp">
      <Filter>common\Common Source</Filter>
    </ClCompile>
    <ClCompile Include="MyTabCtrl.cpp">
      <Filter>common\Common Source</Filter>
    </ClCompile>
    <ClCompile Include="OutBox.cpp">
      <Filter>common\Common Source</Filter>
    </ClCompile>
    <ClCompile Include="PromptBox.cpp">
      <Filter>common\Common Source</Filter>
    </ClCompile>
    <ClCompile Include="spars.cpp">
      <Filter>common\Common Source</Filter>
    </ClCompile>
    <ClCompile Include="Xyplot.cpp">
      <Filter>common\Common Source</Filter>
    </ClCompile>
    <ClCompile Include="BendContourDlg.cpp">
      <Filter>femmview\Femmview Source</Filter>
    </ClCompile>
    <ClCompile Include="BlockInt.cpp">
      <Filter>femmview\Femmview Source</Filter>
    </ClCompile>
    <ClCompile Include="CircDlg.cpp">
      <Filter>femmview\Femmview Source</Filter>
    </ClCompile>
    <ClCompile Include="CPlotDlg.cpp">
      <Filter>femmview\Femmview Source</Filter>
    </ClCompile>
    <ClCompile Include="CplotDlg2.cpp">
      <Filter>femmview\Femmview Source</Filter>
    </ClCompile>
    <ClCompile Include="FemmviewDoc.cpp">
      <Filter>femmview\Femmview Source</Filter>
    </ClCompile>
    <ClCompile Include="femmviewLua.cpp">
      <Filter>femmview\Femmview Source</Filter>
    </ClCompile>
    <ClCompile Include="FemmviewView.cpp">
      <Filter>femmview\Femmview Source</Filter>
    </ClCompile>
    <ClCompile Include="GridMod.cpp">
      <Filter>femmview\Femmview Source</Filter>
    </ClCompile>
    <ClCompile Include="LIntDlg.cpp">
      <Filter>femmview\Femmview Source</Filter>
    </ClCompile>
    <ClCompile Include="makemask.cpp">
      <Filter>femmview\Femmview Source</Filter>
    </ClCompile>
    <ClCompile Include="MaskProgress.cpp">
      <Filter>femmview\Femmview Source</Filter>
    </ClCompile>
    <ClCompile Include="MyMsgBox.cpp">
      <Filter>femmview\Femmview Source</Filter>
    </ClCompile>
    <ClCompile Include="Problem.cpp">
      <Filter>femmview\Femmview Source</Filter>
    </ClCompile>
    <ClCompile Include="viewpref.cpp">
      <Filter>femmview\Femmview Source</Filter>
    </ClCompile>
    <ClCompile Include="VPlotDlg.cpp">
      <Filter>femmview\Femmview Source</Filter>
    </ClCompile>
    <ClCompile Include="XYPlotDlg.cpp">
      <Filter>femmview\Femmview Source</Filter>
    </ClCompile>
    <ClCompile Include="ActiveFEMM.cpp">
      <Filter>MDI Shell\Source Files</Filter>
    </ClCompile>
    <ClCompile Include="ChildFrm.cpp">
      <Filter>MDI Shell\Source Files</Filter>
    </ClCompile>
    <ClCompile Include="femm.cpp">
      <Filter>MDI Shell\Source Files</Filter>
    </ClCompile>
    <ClCompile Include="LibFolderInfo.cpp">
      <Filter>MDI Shell\Source Files</Filter>
    </ClCompile>
    <ClCompile Include="MainFrm.cpp">
      <Filter>MDI Shell\Source Files</Filter>
    </ClCompile>
    <ClCompile Include="MakeABCDlg.cpp">
      <Filter>MDI Shell\Source Files</Filter>
    </ClCompile>
    <ClCompile Include="MDITabs.cpp">
      <Filter>MDI Shell\Source Files</Filter>
    </ClCompile>
    <ClCompile Include="MyCommandLineInfo.cpp">
      <Filter>MDI Shell\Source Files</Filter>
    </ClCompile>
    <ClCompile Include="MyRecentFileList.cpp">
      <Filter>MDI Shell\Source Files</Filter>
    </ClCompile>
    <ClCompile Include="NewDocDlg.cpp">
      <Filter>MDI Shell\Source Files</Filter>
    </ClCompile>
    <ClCompile Include="Preferences.cpp">
      <Filter>MDI Shell\Source Files</Filter>
    </ClCompile>
    <ClCompile Include="StdAfx.cpp">
      <Filter>MDI Shell\Source Files</Filter>
    </ClCompile>
    <ClCompile Include="bd_BdryDlg.cpp">
      <Filter>beladraw\beladraw source</Filter>
    </ClCompile>
    <ClCompile Include="bd_CircProp.cpp">
      <Filter>beladraw\beladraw source</Filter>
    </ClCompile>
    <ClCompile Include="bd_libdlg.cpp">
      <Filter>beladraw\beladraw source</Filter>
    </ClCompile>
    <ClCompile Include="bd_MatDlg.cpp">
      <Filter>beladraw\beladraw source</Filter>
    </ClCompile>
    <ClCompile Include="bd_movecopy.cpp">
      <Filter>beladraw\beladraw source</Filter>
    </ClCompile>
    <ClCompile Include="bd_NodeProp.cpp">
      <Filter>beladraw\beladraw source</Filter>
    </ClCompile>
    <ClCompile Include="bd_nosebl.cpp">
      <Filter>beladraw\beladraw source</Filter>
    </ClCompile>
    <ClCompile Include="bd_OpArcSegDlg.cpp">
      <Filter>beladraw\beladraw source</Filter>
    </ClCompile>
    <ClCompile Include="bd_OpBlkDlg.cpp">
      <Filter>beladraw\beladraw source</Filter>
    </ClCompile>
    <ClCompile Include="bd_OpNodeDlg.cpp">
      <Filter>beladraw\beladraw source</Filter>
    </ClCompile>
    <ClCompile Include="bd_OpSegDlg.cpp">
      <Filter>beladraw\beladraw source</Filter>
    </ClCompile>
    <ClCompile Include="bd_Pref.cpp">
      <Filter>beladraw\beladraw source</Filter>
    </ClCompile>
    <ClCompile Include="bd_probdlg.cpp">
      <Filter>beladraw\beladraw source</Filter>
    </ClCompile>
    <ClCompile Include="bd_PtProp.cpp">
      <Filter>beladraw\beladraw source</Filter>
    </ClCompile>
    <ClCompile Include="bd_writepoly.cpp">
      <Filter>beladraw\beladraw source</Filter>
    </ClCompile>
    <ClCompile Include="beladrawDoc.cpp">
      <Filter>beladraw\beladraw source</Filter>
    </ClCompile>
    <ClCompile Include="beladrawLua.cpp">
      <Filter>beladraw\beladraw source</Filter>
    </ClCompile>
    <ClCompile Include="beladrawView.cpp">
      <Filter>beladraw\beladraw source</Filter>
    </ClCompile>
    <ClCompile Include="belaviewDoc.cpp">
      <Filter>belaview\belaview source</Filter>
    </ClCompile>
    <ClCompile Include="belaviewLua.cpp">
      <Filter>belaview\belaview source</Filter>
    </ClCompile>
    <ClCompile Include="belaviewView.cpp">
      <Filter>belaview\belaview source</Filter>
    </ClCompile>
    <ClCompile Include="bv_BlockInt.cpp">
      <Filter>belaview\belaview source</Filter>
    </ClCompile>
    <ClCompile Include="bv_CircDlg.cpp">
      <Filter>belaview\belaview source</Filter>
    </ClCompile>
    <ClCompile Include="bv_CplotDlg2.cpp">
      <Filter>belaview\belaview source</Filter>
    </ClCompile>
    <ClCompile Include="bv_DPlotDlg2.cpp">
      <Filter>belaview\belaview source</Filter>
    </ClCompile>
    <ClCompile Include="bv_LIntDlg.cpp">
      <Filter>belaview\belaview source</Filter>
    </ClCompile>
    <ClCompile Include="bv_makemask.cpp">
      <Filter>belaview\belaview source</Filter>
    </ClCompile>
    <ClCompile Include="bv_Pref.cpp">
      <Filter>belaview\belaview source</Filter>
    </ClCompile>
    <ClCompile Include="bv_problem.cpp">
      <Filter>belaview\belaview source</Filter>
    </ClCompile>
    <ClCompile Include="bv_VPlotDlg.cpp">
      <Filter>belaview\belaview source</Filter>
    </ClCompile>
    <ClCompile Include="bv_XYPlotDlg.cpp">
      <Filter>belaview\belaview source</Filter>
    </ClCompile>
    <ClCompile Include="femmplotDoc.cpp">
      <Filter>femmplot\femmplot source</Filter>
    </ClCompile>
    <ClCompile Include="femmplotView.cpp">
      <Filter>femmplot\femmplot source</Filter>
    </ClCompile>
    <ClCompile Include="hd_BdryDlg.cpp">
      <Filter>hdraw\hdraw source</Filter>
    </ClCompile>
    <ClCompile Include="hd_CircProp.cpp">
      <Filter>hdraw\hdraw source</Filter>
    </ClCompile>
    <ClCompile Include="hd_libdlg.cpp">
      <Filter>hdraw\hdraw source</Filter>
    </ClCompile>
    <ClCompile Include="hd_MatDlg.cpp">
      <Filter>hdraw\hdraw source</Filter>
    </ClCompile>
    <ClCompile Include="hd_movecopy.cpp">
      <Filter>hdraw\hdraw source</Filter>
    </ClCompile>
    <ClCompile Include="hd_NodeProp.cpp">
      <Filter>hdraw\hdraw source</Filter>
    </ClCompile>
    <ClCompile Include="hd_nosebl.cpp">
      <Filter>hdraw\hdraw source</Filter>
    </ClCompile>
    <ClCompile Include="hd_OpArcSegDlg.cpp">
      <Filter>hdraw\hdraw source</Filter>
    </ClCompile>
    <ClCompile Include="hd_OpBlkDlg.cpp">
      <Filter>hdraw\hdraw source</Filter>
    </ClCompile>
    <ClCompile Include="hd_OpNodeDlg.cpp">
      <Filter>hdraw\hdraw source</Filter>
    </ClCompile>
    <ClCompile Include="hd_OpSegDlg.cpp">
      <Filter>hdraw\hdraw source</Filter>
    </ClCompile>
    <ClCompile Include="HD_PREF.CPP">
      <Filter>hdraw\hdraw source</Filter>
    </ClCompile>
    <ClCompile Include="hd_probdlg.cpp">
      <Filter>hdraw\hdraw source</Filter>
    </ClCompile>
    <ClCompile Include="hd_PtProp.cpp">
      <Filter>hdraw\hdraw source</Filter>
    </ClCompile>
    <ClCompile Include="hd_writepoly.cpp">
      <Filter>hdraw\hdraw source</Filter>
    </ClCompile>
    <ClCompile Include="HDRAWDOC.CPP">
      <Filter>hdraw\hdraw source</Filter>
    </ClCompile>
    <ClCompile Include="HDRAWLUA.CPP">
      <Filter>hdraw\hdraw source</Filter>
    </ClCompile>
    <ClCompile Include="hdrawView.cpp">
      <Filter>hdraw\hdraw source</Filter>
    </ClCompile>
    <ClCompile Include="KCurve.cpp">
      <Filter>hdraw\hdraw source</Filter>
    </ClCompile>
    <ClCompile Include="TKDatafile.cpp">
      <Filter>hdraw\hdraw source</Filter>
    </ClCompile>
    <ClCompile Include="hv_BlockInt.cpp">
      <Filter>hview\hview source</Filter>
    </ClCompile>
    <ClCompile Include="hv_CircDlg.cpp">
      <Filter>hview\hview source</Filter>
    </ClCompile>
    <ClCompile Include="hv_CplotDlg2.cpp">
      <Filter>hview\hview source</Filter>
    </ClCompile>
    <ClCompile Include="hv_DPlotDlg2.cpp">
      <Filter>hview\hview source</Filter>
    </ClCompile>
    <ClCompile Include="hv_LIntDlg.cpp">
      <Filter>hview\hview source</Filter>
    </ClCompile>
    <ClCompile Include="HV_PREF.CPP">
      <Filter>hview\hview source</Filter>
    </ClCompile>
    <ClCompile Include="hv_problem.cpp">
      <Filter>hview\hview source</Filter>
    </ClCompile>
    <ClCompile Include="hv_VPlotDlg.cpp">
      <Filter>hview\hview source</Filter>
    </ClCompile>
    <ClCompile Include="hv_XYPlotDlg.cpp">
      <Filter>hview\hview source</Filter>
    </ClCompile>
    <ClCompile Include="hviewDoc.cpp">
      <Filter>hview\hview source</Filter>
    </ClCompile>
    <ClCompile Include="hviewLua.cpp">
      <Filter>hview\hview source</Filter>
    </ClCompile>
    <ClCompile Include="hviewView.cpp">
      <Filter>hview\hview source</Filter>
    </ClCompile>
    <ClCompile Include="cd_BdryDlg.cpp">
      <Filter>cdraw\cdraw source</Filter>
    </ClCompile>
    <ClCompile Include="cd_CircProp.cpp">
      <Filter>cdraw\cdraw source</Filter>
    </ClCompile>
    <ClCompile Include="cd_libdlg.cpp">
      <Filter>cdraw\cdraw source</Filter>
    </ClCompile>
    <ClCompile Include="cd_MatDlg.cpp">
      <Filter>cdraw\cdraw source</Filter>
    </ClCompile>
    <ClCompile Include="cd_movecopy.cpp">
      <Filter>cdraw\cdraw source</Filter>
    </ClCompile>
    <ClCompile Include="cd_NodeProp.cpp">
      <Filter>cdraw\cdraw source</Filter>
    </ClCompile>
    <ClCompile Include="cd_nosebl.cpp">
      <Filter>cdraw\cdraw source</Filter>
    </ClCompile>
    <ClCompile Include="cd_OpArcSegDlg.cpp">
      <Filter>cdraw\cdraw source</Filter>
    </ClCompile>
    <ClCompile Include="cd_OpBlkDlg.cpp">
      <Filter>cdraw\cdraw source</Filter>
    </ClCompile>
    <ClCompile Include="cd_OpNodeDlg.cpp">
      <Filter>cdraw\cdraw source</Filter>
    </ClCompile>
    <ClCompile Include="cd_OpSegDlg.cpp">
      <Filter>cdraw\cdraw source</Filter>
    </ClCompile>
    <ClCompile Include="CD_PREF.CPP">
      <Filter>cdraw\cdraw source</Filter>
    </ClCompile>
    <ClCompile Include="cd_probdlg.cpp">
      <Filter>cdraw\cdraw source</Filter>
    </ClCompile>
    <ClCompile Include="cd_PtProp.cpp">
      <Filter>cdraw\cdraw source</Filter>
    </ClCompile>
    <ClCompile Include="cd_writepoly.cpp">
      <Filter>cdraw\cdraw source</Filter>
    </ClCompile>
    <ClCompile Include="CDRAWDOC.CPP">
      <Filter>cdraw\cdraw source</Filter>
    </ClCompile>
    <ClCompile Include="CDRAWLUA.CPP">
      <Filter>cdraw\cdraw source</Filter>
    </ClCompile>
    <ClCompile Include="cdrawView.cpp">
      <Filter>cdraw\cdraw source</Filter>
    </ClCompile>
    <ClCompile Include="cv_BlockInt.cpp">
      <Filter>cview\cview source</Filter>
    </ClCompile>
    <ClCompile Include="cv_CircDlg.cpp">
      <Filter>cview\cview source</Filter>
    </ClCompile>
    <ClCompile Include="cv_CplotDlg2.cpp">
      <Filter>cview\cview source</Filter>
    </ClCompile>
    <ClCompile Include="cv_DPlotDlg2.cpp">
      <Filter>cview\cview source</Filter>
    </ClCompile>
    <ClCompile Include="cv_LIntDlg.cpp">
      <Filter>cview\cview source</Filter>
    </ClCompile>
    <ClCompile Include="cv_makemask.cpp">
      <Filter>cview\cview source</Filter>
    </ClCompile>
    <ClCompile Include="CV_PREF.CPP">
      <Filter>cview\cview source</Filter>
    </ClCompile>
    <ClCompile Include="cv_problem.cpp">
      <Filter>cview\cview source</Filter>
    </ClCompile>
    <ClCompile Include="cv_VPlotDlg.cpp">
      <Filter>cview\cview source</Filter>
    </ClCompile>
    <ClCompile Include="cv_XYPlotDlg.cpp">
      <Filter>cview\cview source</Filter>
    </ClCompile>
    <ClCompile Include="CVIEWDOC.CPP">
      <Filter>cview\cview source</Filter>
    </ClCompile>
    <ClCompile Include="CVIEWLUA.CPP">
      <Filter>cview\cview source</Filter>
    </ClCompile>
    <ClCompile Include="cviewView.cpp">
      <Filter>cview\cview source</Filter>
    </ClCompile>
  </ItemGroup>
  <ItemGroup>
    <ClInclude Include="BdryDlg.h">
      <Filter>femme\Femme Header</Filter>
    </ClInclude>
    <ClInclude Include="BHData.h">
      <Filter>femme\Femme Header</Filter>
    </ClInclude>
    <ClInclude Include="BHDatafile.h">
      <Filter>femme\Femme Header</Filter>
    </ClInclude>
    <ClInclude Include="CircProp.h">
      <Filter>femme\Femme Header</Filter>
    </ClInclude>
    <ClInclude Include="CopyDlg.h">
      <Filter>femme\Femme Header</Filter>
    </ClInclude>
    <ClInclude Include="fe_libdlg.h">
      <Filter>femme\Femme Header</Filter>
    </ClInclude>
    <ClInclude Include="FemmeDoc.h">
      <Filter>femme\Femme Header</Filter>
    </ClInclude>
    <ClInclude Include="FemmeView.h">
      <Filter>femme\Femme Header</Filter>
    </ClInclude>
    <ClInclude Include="GroupNumber.h">
      <Filter>femme\Femme Header</Filter>
    </ClInclude>
    <ClInclude Include="MatDlg.h">
      <Filter>femme\Femme Header</Filter>
    </ClInclude>
    <ClInclude Include="MirrorDlg.h">
      <Filter>femme\Femme Header</Filter>
    </ClInclude>
    <ClInclude Include="NodeProp.h">
      <Filter>femme\Femme Header</Filter>
    </ClInclude>
    <ClInclude Include="NOSEBL.H">
      <Filter>femme\Femme Header</Filter>
    </ClInclude>
    <ClInclude Include="OpArcSegDlg.h">
      <Filter>femme\Femme Header</Filter>
    </ClInclude>
    <ClInclude Include="OpBlkDlg.h">
      <Filter>femme\Femme Header</Filter>
    </ClInclude>
    <ClInclude Include="OpGrp.h">
      <Filter>femme\Femme Header</Filter>
    </ClInclude>
    <ClInclude Include="OpNodeDlg.h">
      <Filter>femme\Femme Header</Filter>
    </ClInclude>
    <ClInclude Include="OpSegDlg.h">
      <Filter>femme\Femme Header</Filter>
    </ClInclude>
    <ClInclude Include="Pref.h">
      <Filter>femme\Femme Header</Filter>
    </ClInclude>
    <ClInclude Include="probdlg.h">
      <Filter>femme\Femme Header</Filter>
    </ClInclude>
    <ClInclude Include="PtProp.h">
      <Filter>femme\Femme Header</Filter>
    </ClInclude>
    <ClInclude Include="ScaleDlg.h">
      <Filter>femme\Femme Header</Filter>
    </ClInclude>
    <ClInclude Include="ArcDlg.h">
      <Filter>common\Common Header</Filter>
    </ClInclude>
    <ClInclude Include="bhplot.h">
      <Filter>common\Common Header</Filter>
    </ClInclude>
    <ClInclude Include="EnterPt.h">
      <Filter>common\Common Header</Filter>
    </ClInclude>
    <ClInclude Include="ExteriorProps.h">
      <Filter>common\Common Header</Filter>
    </ClInclude>
    <ClInclude Include="fullmatrix.h">
      <Filter>common\Common Header</Filter>
    </ClInclude>
    <ClInclude Include="GeneralPrefs.h">
      <Filter>common\Common Header</Filter>
    </ClInclude>
    <ClInclude Include="GRIDDLG.H">
      <Filter>common\Common Header</Filter>
    </ClInclude>
    <ClInclude Include="KbdZoom.h">
      <Filter>common\Common Header</Filter>
    </ClInclude>
    <ClInclude Include="LuaConsoleDlg.h">
      <Filter>common\Common Header</Filter>
    </ClInclude>
    <ClInclude Include="luaDDX.h">
      <Filter>common\Common Header</Filter>
    </ClInclude>
    <ClInclude Include="LuaEdit.h">
      <Filter>common\Common Header</Filter>
    </ClInclude>
    <ClInclude Include="MyTabCtrl.h">
      <Filter>common\Common Header</Filter>
    </ClInclude>
    <ClInclude Include="OutBox.h">
      <Filter>common\Common Header</Filter>
    </ClInclude>
    <ClInclude Include="PromptBox.h">
      <Filter>common\Common Header</Filter>
    </ClInclude>
    <ClInclude Include="ResizableDialog.h">
      <Filter>common\Common Header</Filter>
    </ClInclude>
    <ClInclude Include="ResizableGrip.h">
      <Filter>common\Common Header</Filter>
    </ClInclude>
    <ClInclude Include="ResizableLayout.h">
      <Filter>common\Common Header</Filter>
    </ClInclude>
    <ClInclude Include="ResizableMinMax.h">
      <Filter>common\Common Header</Filter>
    </ClInclude>
    <ClInclude Include="ResizableState.h">
      <Filter>common\Common Header</Filter>
    </ClInclude>
    <ClInclude Include="spars.h">
      <Filter>common\Common Header</Filter>
    </ClInclude>
    <ClInclude Include="Xyplot.h">
      <Filter>common\Common Header</Filter>
    </ClInclude>
    <ClInclude Include="BendContourDlg.h">
      <Filter>femmview\Femmview Header</Filter>
    </ClInclude>
    <ClInclude Include="BlockInt.h">
      <Filter>femmview\Femmview Header</Filter>
    </ClInclude>
    <ClInclude Include="CircDlg.h">
      <Filter>femmview\Femmview Header</Filter>
    </ClInclude>
    <ClInclude Include="CPlotDlg.h">
      <Filter>femmview\Femmview Header</Filter>
    </ClInclude>
    <ClInclude Include="CplotDlg2.h">
      <Filter>femmview\Femmview Header</Filter>
    </ClInclude>
    <ClInclude Include="DPlotDlg1.h">
      <Filter>femmview\Femmview Header</Filter>
    </ClInclude>
    <ClInclude Include="DPlotDlg2.h">
      <Filter>femmview\Femmview Header</Filter>
    </ClInclude>
    <ClInclude Include="FemmviewDoc.h">
      <Filter>femmview\Femmview Header</Filter>
    </ClInclude>
    <ClInclude Include="FemmviewView.h">
      <Filter>femmview\Femmview Header</Filter>
    </ClInclude>
    <ClInclude Include="GridMod.h">
      <Filter>femmview\Femmview Header</Filter>
    </ClInclude>
    <ClInclude Include="LIntDlg.h">
      <Filter>femmview\Femmview Header</Filter>
    </ClInclude>
    <ClInclude Include="MaskProgress.h">
      <Filter>femmview\Femmview Header</Filter>
    </ClInclude>
    <ClInclude Include="MyMsgBox.h">
      <Filter>femmview\Femmview Header</Filter>
    </ClInclude>
    <ClInclude Include="Problem.h">
      <Filter>femmview\Femmview Header</Filter>
    </ClInclude>
    <ClInclude Include="viewpref.h">
      <Filter>femmview\Femmview Header</Filter>
    </ClInclude>
    <ClInclude Include="VPlotDlg.h">
      <Filter>femmview\Femmview Header</Filter>
    </ClInclude>
    <ClInclude Include="XYPlotDlg.h">
      <Filter>femmview\Femmview Header</Filter>
    </ClInclude>
    <ClInclude Include="ActiveFEMM.h">
      <Filter>MDI Shell\Header Files</Filter>
    </ClInclude>
    <ClInclude Include="ChildFrm.h">
      <Filter>MDI Shell\Header Files</Filter>
    </ClInclude>
    <ClInclude Include="COMPLEX.H">
      <Filter>MDI Shell\Header Files</Filter>
    </ClInclude>
    <ClInclude Include="DXFImport.h">
      <Filter>MDI Shell\Header Files</Filter>
    </ClInclude>
    <ClInclude Include="femm.h">
      <Filter>MDI Shell\Header Files</Filter>
    </ClInclude>
    <ClInclude Include="LibFolderInfo.h">
      <Filter>MDI Shell\Header Files</Filter>
    </ClInclude>
    <ClInclude Include="MainFrm.h">
      <Filter>MDI Shell\Header Files</Filter>
    </ClInclude>
    <ClInclude Include="MakeABCDlg.h">
      <Filter>MDI Shell\Header Files</Filter>
    </ClInclude>
    <ClInclude Include="MDITabs.h">
      <Filter>MDI Shell\Header Files</Filter>
    </ClInclude>
    <ClInclude Include="MyCommandLineInfo.h">
      <Filter>MDI Shell\Header Files</Filter>
    </ClInclude>
    <ClInclude Include="MyRecentFileList.h">
      <Filter>MDI Shell\Header Files</Filter>
    </ClInclude>
    <ClInclude Include="NewDocDlg.h">
      <Filter>MDI Shell\Header Files</Filter>
    </ClInclude>
    <ClInclude Include="Preferences.h">
      <Filter>MDI Shell\Header Files</Filter>
    </ClInclude>
    <ClInclude Include="Resource.h">
      <Filter>MDI Shell\Header Files</Filter>
    </ClInclude>
    <ClInclude Include="StdAfx.h">
      <Filter>MDI Shell\Header Files</Filter>
    </ClInclude>
    <ClInclude Include="bd_BdryDlg.h">
      <Filter>beladraw\beladraw header</Filter>
    </ClInclude>
    <ClInclude Include="bd_CircProp.h">
      <Filter>beladraw\beladraw header</Filter>
    </ClInclude>
    <ClInclude Include="bd_libdlg.h">
      <Filter>beladraw\beladraw header</Filter>
    </ClInclude>
    <ClInclude Include="bd_MatDlg.h">
      <Filter>beladraw\beladraw header</Filter>
    </ClInclude>
    <ClInclude Include="bd_NodeProp.h">
      <Filter>beladraw\beladraw header</Filter>
    </ClInclude>
    <ClInclude Include="bd_nosebl.h">
      <Filter>beladraw\beladraw header</Filter>
    </ClInclude>
    <ClInclude Include="bd_OpArcSegDlg.h">
      <Filter>beladraw\beladraw header</Filter>
    </ClInclude>
    <ClInclude Include="bd_OpBlkDlg.h">
      <Filter>beladraw\beladraw header</Filter>
    </ClInclude>
    <ClInclude Include="bd_OpNodeDlg.h">
      <Filter>beladraw\beladraw header</Filter>
    </ClInclude>
    <ClInclude Include="bd_OpSegDlg.h">
      <Filter>beladraw\beladraw header</Filter>
    </ClInclude>
    <ClInclude Include="bd_Pref.h">
      <Filter>beladraw\beladraw header</Filter>
    </ClInclude>
    <ClInclude Include="bd_probdlg.h">
      <Filter>beladraw\beladraw header</Filter>
    </ClInclude>
    <ClInclude Include="bd_PtProp.h">
      <Filter>beladraw\beladraw header</Filter>
    </ClInclude>
    <ClInclude Include="beladrawDoc.h">
      <Filter>beladraw\beladraw header</Filter>
    </ClInclude>
    <ClInclude Include="beladrawView.h">
      <Filter>beladraw\beladraw header</Filter>
    </ClInclude>
    <ClInclude Include="belaviewDoc.h">
      <Filter>belaview\belaview header</Filter>
    </ClInclude>
    <ClInclude Include="belaviewView.h">
      <Filter>belaview\belaview header</Filter>
    </ClInclude>
    <ClInclude Include="bv_BlockInt.h">
      <Filter>belaview\belaview header</Filter>
    </ClInclude>
    <ClInclude Include="bv_CircDlg.h">
      <Filter>belaview\belaview header</Filter>
    </ClInclude>
    <ClInclude Include="bv_CplotDlg2.h">
      <Filter>belaview\belaview header</Filter>
    </ClInclude>
    <ClInclude Include="bv_DPlotDlg2.h">
      <Filter>belaview\belaview header</Filter>
    </ClInclude>
    <ClInclude Include="bv_LIntDlg.h">
      <Filter>belaview\belaview header</Filter>
    </ClInclude>
    <ClInclude Include="bv_Pref.h">
      <Filter>belaview\belaview header</Filter>
    </ClInclude>
    <ClInclude Include="bv_problem.h">
      <Filter>belaview\belaview header</Filter>
    </ClInclude>
    <ClInclude Include="bv_VPlotDlg.h">
      <Filter>belaview\belaview header</Filter>
    </ClInclude>
    <ClInclude Include="bv_XYPlotDlg.h">
      <Filter>belaview\belaview header</Filter>
    </ClInclude>
    <ClInclude Include="femmplotDoc.h">
      <Filter>femmplot\femmplot header</Filter>
    </ClInclude>
    <ClInclude Include="femmplotView.h">
      <Filter>femmplot\femmplot header</Filter>
    </ClInclude>
    <ClInclude Include="hd_BdryDlg.h">
      <Filter>hdraw\hdraw headers</Filter>
    </ClInclude>
    <ClInclude Include="hd_CircProp.h">
      <Filter>hdraw\hdraw headers</Filter>
    </ClInclude>
    <ClInclude Include="hd_libdlg.h">
      <Filter>hdraw\hdraw headers</Filter>
    </ClInclude>
    <ClInclude Include="hd_MatDlg.h">
      <Filter>hdraw\hdraw headers</Filter>
    </ClInclude>
    <ClInclude Include="hd_NodeProp.h">
      <Filter>hdraw\hdraw headers</Filter>
    </ClInclude>
    <ClInclude Include="hd_nosebl.h">
      <Filter>hdraw\hdraw headers</Filter>
    </ClInclude>
    <ClInclude Include="hd_OpArcSegDlg.h">
      <Filter>hdraw\hdraw headers</Filter>
    </ClInclude>
    <ClInclude Include="hd_OpBlkDlg.h">
      <Filter>hdraw\hdraw headers</Filter>
    </ClInclude>
    <ClInclude Include="hd_OpNodeDlg.h">
      <Filter>hdraw\hdraw headers</Filter>
    </ClInclude>
    <ClInclude Include="hd_OpSegDlg.h">
      <Filter>hdraw\hdraw headers</Filter>
    </ClInclude>
    <ClInclude Include="HD_PREF.H">
      <Filter>hdraw\hdraw headers</Filter>
    </ClInclude>
    <ClInclude Include="hd_probdlg.h">
      <Filter>hdraw\hdraw headers</Filter>
    </ClInclude>
    <ClInclude Include="hd_PtProp.h">
      <Filter>hdraw\hdraw headers</Filter>
    </ClInclude>
    <ClInclude Include="HDRAWDOC.H">
      <Filter>hdraw\hdraw headers</Filter>
    </ClInclude>
    <ClInclude Include="hdrawView.h">
      <Filter>hdraw\hdraw headers</Filter>
    </ClInclude>
    <ClInclude Include="KCurve.h">
      <Filter>hdraw\hdraw headers</Filter>
    </ClInclude>
    <ClInclude Include="TKDatafile.h">
      <Filter>hdraw\hdraw headers</Filter>
    </ClInclude>
    <ClInclude Include="hv_BlockInt.h">
      <Filter>hview\hview headers</Filter>
    </ClInclude>
    <ClInclude Include="hv_CircDlg.h">
      <Filter>hview\hview headers</Filter>
    </ClInclude>
    <ClInclude Include="hv_CplotDlg2.h">
      <Filter>hview\hview headers</Filter>
    </ClInclude>
    <ClInclude Include="hv_DPlotDlg2.h">
      <Filter>hview\hview headers</Filter>
    </ClInclude>
    <ClInclude Include="hv_LIntDlg.h">
      <Filter>hview\hview headers</Filter>
    </ClInclude>
    <ClInclude Include="HV_PREF.H">
      <Filter>hview\hview headers</Filter>
    </ClInclude>
    <ClInclude Include="hv_problem.h">
      <Filter>hview\hview headers</Filter>
    </ClInclude>
    <ClInclude Include="hv_VPlotDlg.h">
      <Filter>hview\hview headers</Filter>
    </ClInclude>
    <ClInclude Include="hv_XYPlotDlg.h">
      <Filter>hview\hview headers</Filter>
    </ClInclude>
    <ClInclude Include="hviewDoc.h">
      <Filter>hview\hview headers</Filter>
    </ClInclude>
    <ClInclude Include="hviewView.h">
      <Filter>hview\hview headers</Filter>
    </ClInclude>
    <ClInclude Include="cd_BdryDlg.h">
      <Filter>cdraw\cdraw headers</Filter>
    </ClInclude>
    <ClInclude Include="cd_CircProp.h">
      <Filter>cdraw\cdraw headers</Filter>
    </ClInclude>
    <ClInclude Include="cd_libdlg.h">
      <Filter>cdraw\cdraw headers</Filter>
    </ClInclude>
    <ClInclude Include="cd_MatDlg.h">
      <Filter>cdraw\cdraw headers</Filter>
    </ClInclude>
    <ClInclude Include="cd_NodeProp.h">
      <Filter>cdraw\cdraw headers</Filter>
    </ClInclude>
    <ClInclude Include="cd_nosebl.h">
      <Filter>cdraw\cdraw headers</Filter>
    </ClInclude>
    <ClInclude Include="cd_OpArcSegDlg.h">
      <Filter>cdraw\cdraw headers</Filter>
    </ClInclude>
    <ClInclude Include="cd_OpBlkDlg.h">
      <Filter>cdraw\cdraw headers</Filter>
    </ClInclude>
    <ClInclude Include="cd_OpNodeDlg.h">
      <Filter>cdraw\cdraw headers</Filter>
    </ClInclude>
    <ClInclude Include="cd_OpSegDlg.h">
      <Filter>cdraw\cdraw headers</Filter>
    </ClInclude>
    <ClInclude Include="CD_PREF.H">
      <Filter>cdraw\cdraw headers</Filter>
    </ClInclude>
    <ClInclude Include="cd_probdlg.h">
      <Filter>cdraw\cdraw headers</Filter>
    </ClInclude>
    <ClInclude Include="cd_PtProp.h">
      <Filter>cdraw\cdraw headers</Filter>
    </ClInclude>
    <ClInclude Include="CDRAWDOC.H">
      <Filter>cdraw\cdraw headers</Filter>
    </ClInclude>
    <ClInclude Include="cdrawView.h">
      <Filter>cdraw\cdraw headers</Filter>
    </ClInclude>
    <ClInclude Include="cv_BlockInt.h">
      <Filter>cview\cview headers</Filter>
    </ClInclude>
    <ClInclude Include="cv_CircDlg.h">
      <Filter>cview\cview headers</Filter>
    </ClInclude>
    <ClInclude Include="cv_CplotDlg2.h">
      <Filter>cview\cview headers</Filter>
    </ClInclude>
    <ClInclude Include="cv_DPlotDlg2.h">
      <Filter>cview\cview headers</Filter>
    </ClInclude>
    <ClInclude Include="cv_LIntDlg.h">
      <Filter>cview\cview headers</Filter>
    </ClInclude>
    <ClInclude Include="CV_PREF.H">
      <Filter>cview\cview headers</Filter>
    </ClInclude>
    <ClInclude Include="cv_problem.h">
      <Filter>cview\cview headers</Filter>
    </ClInclude>
    <ClInclude Include="cv_VPlotDlg.h">
      <Filter>cview\cview headers</Filter>
    </ClInclude>
    <ClInclude Include="cv_XYPlotDlg.h">
      <Filter>cview\cview headers</Filter>
    </ClInclude>
    <ClInclude Include="CVIEWDOC.H">
      <Filter>cview\cview headers</Filter>
    </ClInclude>
    <ClInclude Include="cviewView.h">
      <Filter>cview\cview headers</Filter>
    </ClInclude>
  </ItemGroup>
  <ItemGroup>
    <Midl Include="femm.odl">
      <Filter>MDI Shell\Source Files</Filter>
    </Midl>
  </ItemGroup>
  <ItemGroup>
    <ResourceCompile Include="femm.rc">
      <Filter>MDI Shell\Source Files</Filter>
    </ResourceCompile>
  </ItemGroup>
  <ItemGroup>
    <Image Include="res\bitmap1.bmp">
      <Filter>MDI Shell\Resource Files</Filter>
    </Image>
    <Image Include="res\bmp00001.bmp">
      <Filter>MDI Shell\Resource Files</Filter>
    </Image>
    <Image Include="res\bmp00002.bmp">
      <Filter>MDI Shell\Resource Files</Filter>
    </Image>
    <Image Include="res\bmp00003.bmp">
      <Filter>MDI Shell\Resource Files</Filter>
    </Image>
    <Image Include="res\bmp00004.bmp">
      <Filter>MDI Shell\Resource Files</Filter>
    </Image>
    <Image Include="res\bmp00005.bmp">
      <Filter>MDI Shell\Resource Files</Filter>
    </Image>
    <Image Include="res\bmp00006.bmp">
      <Filter>MDI Shell\Resource Files</Filter>
    </Image>
    <Image Include="res\bmp00007.bmp">
      <Filter>MDI Shell\Resource Files</Filter>
    </Image>
    <Image Include="res\bmp00013.bmp">
      <Filter>MDI Shell\Resource Files</Filter>
    </Image>
    <Image Include="res\femmetyp.bmp">
      <Filter>MDI Shell\Resource Files</Filter>
    </Image>
    <Image Include="res\femmtype.bmp">
      <Filter>MDI Shell\Resource Files</Filter>
    </Image>
    <Image Include="res\femmview.bmp">
      <Filter>MDI Shell\Resource Files</Filter>
    </Image>
    <Image Include="res\hdrawtyp.bmp">
      <Filter>MDI Shell\Resource Files</Filter>
    </Image>
    <Image Include="res\hviewtyp.bmp">
      <Filter>MDI Shell\Resource Files</Filter>
    </Image>
    <Image Include="res\idr_beladrawtype.ico">
      <Filter>MDI Shell\Resource Files</Filter>
    </Image>
    <Image Include="res\idr_belaviewtype.ico">
      <Filter>MDI Shell\Resource Files</Filter>
    </Image>
    <Image Include="res\idr_cdrawtype.ico">
      <Filter>MDI Shell\Resource Files</Filter>
    </Image>
    <Image Include="res\idr_cviewtype.ico">
      <Filter>MDI Shell\Resource Files</Filter>
    </Image>
    <Image Include="res\idr_femmetype.ico">
      <Filter>MDI Shell\Resource Files</Filter>
    </Image>
    <Image Include="res\idr_femmplottype.ico">
      <Filter>MDI Shell\Resource Files</Filter>
    </Image>
    <Image Include="res\idr_femmviewtype.ico">
      <Filter>MDI Shell\Resource Files</Filter>
    </Image>
    <Image Include="res\idr_hdra.ico">
      <Filter>MDI Shell\Resource Files</Filter>
    </Image>
    <Image Include="res\idr_hdrawtype.ico">
      <Filter>MDI Shell\Resource Files</Filter>
    </Image>
    <Image Include="res\idr_hvie.ico">
      <Filter>MDI Shell\Resource Files</Filter>
    </Image>
    <Image Include="res\idr_hviewtype.ico">
      <Filter>MDI Shell\Resource Files</Filter>
    </Image>
    <Image Include="res\idr_mainframe.ico">
      <Filter>MDI Shell\Resource Files</Filter>
    </Image>
    <Image Include="res\left1.bmp">
      <Filter>MDI Shell\Resource Files</Filter>
    </Image>
    <Image Include="res\left2.bmp">
      <Filter>MDI Shell\Resource Files</Filter>
    </Image>
    <Image Include="res\main1.bmp">
      <Filter>MDI Shell\Resource Files</Filter>
    </Image>
    <Image Include="res\main2.bmp">
      <Filter>MDI Shell\Resource Files</Filter>
    </Image>
    <Image Include="res\Toolbar.bmp">
      <Filter>MDI Shell\Resource Files</Filter>
    </Image>
    <Image Include="res\toolbar1.bmp">
      <Filter>MDI Shell\Resource Files</Filter>
    </Image>
    <Image Include="res\tree.bmp">
      <Filter>MDI Shell\Resource Files</Filter>
    </Image>
    <Image Include="res\viewtool.bmp">
      <Filter>MDI Shell\Resource Files</Filter>
    </Image>
  </ItemGroup>
  <ItemGroup>
    <None Include="res\femm.rc2">
      <Filter>MDI Shell\Resource Files</Filter>
    </None>
    <None Include="femm.reg" />
    <None Include="res\femm.tlb" />
  </ItemGroup>
  <ItemGroup>
    <Text Include="ReadMe.txt" />
  </ItemGroup>
</Project>