<?xml version="1.0" encoding="utf-8"?>
<Project ToolsVersion="4.0" xmlns="http://schemas.microsoft.com/developer/msbuild/2003">
  <ItemGroup>
    <Filter Include="Source Files">
      <UniqueIdentifier>{ef05d475-6c5d-41b4-be66-1f56d4bedf29}</UniqueIdentifier>
      <Extensions>cpp;c;cxx;rc;def;r;odl;idl;hpj;bat;for;f90</Extensions>
    </Filter>
    <Filter Include="Header Files">
      <UniqueIdentifier>{ecf7d866-4cea-4ee4-8877-9a99785a0277}</UniqueIdentifier>
      <Extensions>h;hpp;hxx;hm;inl;fi;fd</Extensions>
    </Filter>
    <Filter Include="Resource Files">
      <UniqueIdentifier>{08755681-9c14-4ef8-bd65-5ac4528017f8}</UniqueIdentifier>
      <Extensions>ico;cur;bmp;dlg;rc2;rct;bin;cnt;rtf;gif;jpg;jpeg;jpe</Extensions>
    </Filter>
  </ItemGroup>
  <ItemGroup>
    <ClCompile Include="complex.cpp">
      <Filter>Source Files</Filter>
    </ClCompile>
    <ClCompile Include="csolv.cpp">
      <Filter>Source Files</Filter>
    </ClCompile>
    <ClCompile Include="csolvDlg.cpp">
      <Filter>Source Files</Filter>
    </ClCompile>
    <ClCompile Include="cspars.cpp">
      <Filter>Source Files</Filter>
    </ClCompile>
    <ClCompile Include="cuthill.cpp">
      <Filter>Source Files</Filter>
    </ClCompile>
    <ClCompile Include="femmedoccore.cpp">
      <Filter>Source Files</Filter>
    </ClCompile>
    <ClCompile Include="main.cpp">
      <Filter>Source Files</Filter>
    </ClCompile>
    <ClCompile Include="prob1big.cpp">
      <Filter>Source Files</Filter>
    </ClCompile>
    <ClCompile Include="StdAfx.cpp">
      <Filter>Source Files</Filter>
    </ClCompile>
  </ItemGroup>
  <ItemGroup>
    <ResourceCompile Include="csolv.rc">
      <Filter>Source Files</Filter>
    </ResourceCompile>
  </ItemGroup>
  <ItemGroup>
    <ClInclude Include="complex.h">
      <Filter>Header Files</Filter>
    </ClInclude>
    <ClInclude Include="csolv.h">
      <Filter>Header Files</Filter>
    </ClInclude>
    <ClInclude Include="csolvDlg.h">
      <Filter>Header Files</Filter>
    </ClInclude>
    <ClInclude Include="femmedoccore.h">
      <Filter>Header Files</Filter>
    </ClInclude>
    <ClInclude Include="mesh.h">
      <Filter>Header Files</Filter>
    </ClInclude>
    <ClInclude Include="resource.h">
      <Filter>Header Files</Filter>
    </ClInclude>
    <ClInclude Include="spars.h">
      <Filter>Header Files</Filter>
    </ClInclude>
    <ClInclude Include="StdAfx.h">
      <Filter>Header Files</Filter>
    </ClInclude>
  </ItemGroup>
  <ItemGroup>
    <Image Include="res\csolv.ico">
      <Filter>Resource Files</Filter>
    </Image>
  </ItemGroup>
  <ItemGroup>
    <None Include="res\csolv.rc2">
      <Filter>Resource Files</Filter>
    </None>
  </ItemGroup>
</Project>